
Microsoft Visual Studio Solution File, Format Version 12.00
# Visual Studio Version 17
VisualStudioVersion = 17.13.35931.197
MinimumVisualStudioVersion = 10.0.40219.1
Project("{FAE04EC0-301F-11D3-BF4B-00C04F79EFBC}") = "ITN.Utils.Strings", "ITN.Utils.Strings\ITN.Utils.Strings.csproj", "{48947CB0-D024-4E1E-840A-C06EA20002E4}"
EndProject
Project("{FAE04EC0-301F-11D3-BF4B-00C04F79EFBC}") = "ITN.Utils.ApiToolkit", "ITN.Utils.ApiToolkit\ITN.Utils.ApiToolkit.csproj", "{A5C5A24D-813D-44F8-88AA-E454969CFC21}"
EndProject
Global
	GlobalSection(SolutionConfigurationPlatforms) = preSolution
		Debug|Any CPU = Debug|Any CPU
		Release|Any CPU = Release|Any CPU
	EndGlobalSection
	GlobalSection(ProjectConfigurationPlatforms) = postSolution
		{48947CB0-D024-4E1E-840A-C06EA20002E4}.Debug|Any CPU.ActiveCfg = Debug|Any CPU
		{48947CB0-D024-4E1E-840A-C06EA20002E4}.Debug|Any CPU.Build.0 = Debug|Any CPU
		{48947CB0-D024-4E1E-840A-C06EA20002E4}.Release|Any CPU.ActiveCfg = Release|Any CPU
		{48947CB0-D024-4E1E-840A-C06EA20002E4}.Release|Any CPU.Build.0 = Release|Any CPU
		{A5C5A24D-813D-44F8-88AA-E454969CFC21}.Debug|Any CPU.ActiveCfg = Debug|Any CPU
		{A5C5A24D-813D-44F8-88AA-E454969CFC21}.Debug|Any CPU.Build.0 = Debug|Any CPU
		{A5C5A24D-813D-44F8-88AA-E454969CFC21}.Release|Any CPU.ActiveCfg = Release|Any CPU
		{A5C5A24D-813D-44F8-88AA-E454969CFC21}.Release|Any CPU.Build.0 = Release|Any CPU
	EndGlobalSection
	GlobalSection(SolutionProperties) = preSolution
		HideSolutionNode = FALSE
	EndGlobalSection
	GlobalSection(ExtensibilityGlobals) = postSolution
		SolutionGuid = {B5DB9AC6-0A5E-4CD7-9AA3-572ECFA15BC9}
	EndGlobalSection
EndGlobal
